
Microsoft Visual Studio Solution File, Format Version 11.00
# Visual Studio 2010
Project("{FAE04EC0-301F-11D3-BF4B-00C04F79EFBC}") = "%title%", "%title%\%title%.csproj", "{BEF49E65-057B-4A13-984E-D2BF8A45028D}"
EndProject
Global
	GlobalSection(SolutionConfigurationPlatforms) = preSolution
		Debug|x86 = Debug|x86
		Release|x86 = Release|x86
	EndGlobalSection
	GlobalSection(ProjectConfigurationPlatforms) = postSolution
		{BEF49E65-057B-4A13-984E-D2BF8A45028D}.Debug|x86.ActiveCfg = Debug|x86
		{BEF49E65-057B-4A13-984E-D2BF8A45028D}.Debug|x86.Build.0 = Debug|x86
		{BEF49E65-057B-4A13-984E-D2BF8A45028D}.Release|x86.ActiveCfg = Release|x86
		{BEF49E65-057B-4A13-984E-D2BF8A45028D}.Release|x86.Build.0 = Release|x86
	EndGlobalSection
	GlobalSection(MonoDevelopProperties) = preSolution
		StartupItem = %title%\%title%.csproj
	EndGlobalSection
EndGlobal
